
Microsoft Visual Studio Solution File, Format Version 12.00
# Visual Studio 15
VisualStudioVersion = 15.0.26430.16
MinimumVisualStudioVersion = 10.0.40219.1
Project("{FAE04EC0-301F-11D3-BF4B-00C04F79EFBC}") = "TradingBot", "TradingBot\TradingBot.csproj", "{7ADC6A3A-0640-4A26-8F0A-20BBC613CCAD}"
EndProject
Project("{FAE04EC0-301F-11D3-BF4B-00C04F79EFBC}") = "TradingLibTests", "TradingLibTests\TradingLibTests.csproj", "{34B22D09-6CE6-4D5C-9014-17C16BAD9AD3}"
EndProject
Project("{FAE04EC0-301F-11D3-BF4B-00C04F79EFBC}") = "TradingLib", "TradingLib\TradingLib.csproj", "{57F8EF23-4E67-4230-9534-24DC234186C3}"
EndProject
Project("{FAE04EC0-301F-11D3-BF4B-00C04F79EFBC}") = "TradingPriceUpdater", "TradingPriceUpdater\TradingPriceUpdater.csproj", "{32CB78A0-08A3-4D25-B1F3-B9E47AE48C04}"
EndProject
Project("{FAE04EC0-301F-11D3-BF4B-00C04F79EFBC}") = "TradingPriceUpdaterTests", "TradingPriceUpdaterTests\TradingPriceUpdaterTests.csproj", "{437B1E70-CAF0-4595-B727-5D5C92A13EC6}"
EndProject
Project("{888888A0-9F3D-457C-B088-3A5042F75D52}") = "NeuralNetwork", "NeuralNetwork\NeuralNetwork.pyproj", "{EA71B70C-BF5A-4257-917F-335D06E1C66D}"
EndProject
Global
	GlobalSection(SolutionConfigurationPlatforms) = preSolution
		Debug|Any CPU = Debug|Any CPU
		Release|Any CPU = Release|Any CPU
	EndGlobalSection
	GlobalSection(ProjectConfigurationPlatforms) = postSolution
		{7ADC6A3A-0640-4A26-8F0A-20BBC613CCAD}.Debug|Any CPU.ActiveCfg = Debug|Any CPU
		{7ADC6A3A-0640-4A26-8F0A-20BBC613CCAD}.Debug|Any CPU.Build.0 = Debug|Any CPU
		{7ADC6A3A-0640-4A26-8F0A-20BBC613CCAD}.Release|Any CPU.ActiveCfg = Release|Any CPU
		{7ADC6A3A-0640-4A26-8F0A-20BBC613CCAD}.Release|Any CPU.Build.0 = Release|Any CPU
		{34B22D09-6CE6-4D5C-9014-17C16BAD9AD3}.Debug|Any CPU.ActiveCfg = Debug|Any CPU
		{34B22D09-6CE6-4D5C-9014-17C16BAD9AD3}.Debug|Any CPU.Build.0 = Debug|Any CPU
		{34B22D09-6CE6-4D5C-9014-17C16BAD9AD3}.Release|Any CPU.ActiveCfg = Release|Any CPU
		{34B22D09-6CE6-4D5C-9014-17C16BAD9AD3}.Release|Any CPU.Build.0 = Release|Any CPU
		{57F8EF23-4E67-4230-9534-24DC234186C3}.Debug|Any CPU.ActiveCfg = Debug|Any CPU
		{57F8EF23-4E67-4230-9534-24DC234186C3}.Debug|Any CPU.Build.0 = Debug|Any CPU
		{57F8EF23-4E67-4230-9534-24DC234186C3}.Release|Any CPU.ActiveCfg = Release|Any CPU
		{57F8EF23-4E67-4230-9534-24DC234186C3}.Release|Any CPU.Build.0 = Release|Any CPU
		{32CB78A0-08A3-4D25-B1F3-B9E47AE48C04}.Debug|Any CPU.ActiveCfg = Debug|Any CPU
		{32CB78A0-08A3-4D25-B1F3-B9E47AE48C04}.Debug|Any CPU.Build.0 = Debug|Any CPU
		{32CB78A0-08A3-4D25-B1F3-B9E47AE48C04}.Release|Any CPU.ActiveCfg = Release|Any CPU
		{32CB78A0-08A3-4D25-B1F3-B9E47AE48C04}.Release|Any CPU.Build.0 = Release|Any CPU
		{437B1E70-CAF0-4595-B727-5D5C92A13EC6}.Debug|Any CPU.ActiveCfg = Debug|Any CPU
		{437B1E70-CAF0-4595-B727-5D5C92A13EC6}.Debug|Any CPU.Build.0 = Debug|Any CPU
		{437B1E70-CAF0-4595-B727-5D5C92A13EC6}.Release|Any CPU.ActiveCfg = Release|Any CPU
		{437B1E70-CAF0-4595-B727-5D5C92A13EC6}.Release|Any CPU.Build.0 = Release|Any CPU
		{EA71B70C-BF5A-4257-917F-335D06E1C66D}.Debug|Any CPU.ActiveCfg = Debug|Any CPU
		{EA71B70C-BF5A-4257-917F-335D06E1C66D}.Release|Any CPU.ActiveCfg = Release|Any CPU
	EndGlobalSection
	GlobalSection(SolutionProperties) = preSolution
		HideSolutionNode = FALSE
	EndGlobalSection
EndGlobal
