
Microsoft Visual Studio Solution File, Format Version 12.00
# Visual Studio 15
VisualStudioVersion = 15.0.26430.16
MinimumVisualStudioVersion = 10.0.40219.1
Project("{FAE04EC0-301F-11D3-BF4B-00C04F79EFBC}") = "TradingBot", "TradingBot\TradingBot.csproj", "{7ADC6A3A-0640-4A26-8F0A-20BBC613CCAD}"
EndProject
Project("{FAE04EC0-301F-11D3-BF4B-00C04F79EFBC}") = "TradingLibTests", "TradingLibTests\TradingLibTests.csproj", "{34B22D09-6CE6-4D5C-9014-17C16BAD9AD3}"
EndProject
Project("{FAE04EC0-301F-11D3-BF4B-00C04F79EFBC}") = "TradingLib", "TradingLib\TradingLib.csproj", "{57F8EF23-4E67-4230-9534-24DC234186C3}"
EndProject
Project("{FAE04EC0-301F-11D3-BF4B-00C04F79EFBC}") = "NeuralNetwork", "NeuralNetwork\NeuralNetwork.csproj", "{3372B322-169A-476C-80F2-78CEBD04FE00}"
EndProject
Project("{FAE04EC0-301F-11D3-BF4B-00C04F79EFBC}") = "PriceUpdater", "PriceUpdater\PriceUpdater.csproj", "{A5DE4F2E-BC5C-4C82-83D1-F283A6B1AA8B}"
EndProject
Project("{FAE04EC0-301F-11D3-BF4B-00C04F79EFBC}") = "PriceUpdaterTests", "PriceUpdaterTests\PriceUpdaterTests.csproj", "{870CEE98-8248-4A69-91F0-9BF26BB85B97}"
EndProject
Global
	GlobalSection(SolutionConfigurationPlatforms) = preSolution
		Debug|Any CPU = Debug|Any CPU
		Release|Any CPU = Release|Any CPU
	EndGlobalSection
	GlobalSection(ProjectConfigurationPlatforms) = postSolution
		{7ADC6A3A-0640-4A26-8F0A-20BBC613CCAD}.Debug|Any CPU.ActiveCfg = Debug|Any CPU
		{7ADC6A3A-0640-4A26-8F0A-20BBC613CCAD}.Debug|Any CPU.Build.0 = Debug|Any CPU
		{7ADC6A3A-0640-4A26-8F0A-20BBC613CCAD}.Release|Any CPU.ActiveCfg = Release|Any CPU
		{7ADC6A3A-0640-4A26-8F0A-20BBC613CCAD}.Release|Any CPU.Build.0 = Release|Any CPU
		{34B22D09-6CE6-4D5C-9014-17C16BAD9AD3}.Debug|Any CPU.ActiveCfg = Debug|Any CPU
		{34B22D09-6CE6-4D5C-9014-17C16BAD9AD3}.Debug|Any CPU.Build.0 = Debug|Any CPU
		{34B22D09-6CE6-4D5C-9014-17C16BAD9AD3}.Release|Any CPU.ActiveCfg = Release|Any CPU
		{34B22D09-6CE6-4D5C-9014-17C16BAD9AD3}.Release|Any CPU.Build.0 = Release|Any CPU
		{57F8EF23-4E67-4230-9534-24DC234186C3}.Debug|Any CPU.ActiveCfg = Debug|Any CPU
		{57F8EF23-4E67-4230-9534-24DC234186C3}.Debug|Any CPU.Build.0 = Debug|Any CPU
		{57F8EF23-4E67-4230-9534-24DC234186C3}.Release|Any CPU.ActiveCfg = Release|Any CPU
		{57F8EF23-4E67-4230-9534-24DC234186C3}.Release|Any CPU.Build.0 = Release|Any CPU
		{3372B322-169A-476C-80F2-78CEBD04FE00}.Debug|Any CPU.ActiveCfg = Debug|Any CPU
		{3372B322-169A-476C-80F2-78CEBD04FE00}.Debug|Any CPU.Build.0 = Debug|Any CPU
		{3372B322-169A-476C-80F2-78CEBD04FE00}.Release|Any CPU.ActiveCfg = Release|Any CPU
		{3372B322-169A-476C-80F2-78CEBD04FE00}.Release|Any CPU.Build.0 = Release|Any CPU
		{A5DE4F2E-BC5C-4C82-83D1-F283A6B1AA8B}.Debug|Any CPU.ActiveCfg = Debug|Any CPU
		{A5DE4F2E-BC5C-4C82-83D1-F283A6B1AA8B}.Debug|Any CPU.Build.0 = Debug|Any CPU
		{A5DE4F2E-BC5C-4C82-83D1-F283A6B1AA8B}.Release|Any CPU.ActiveCfg = Release|Any CPU
		{A5DE4F2E-BC5C-4C82-83D1-F283A6B1AA8B}.Release|Any CPU.Build.0 = Release|Any CPU
		{870CEE98-8248-4A69-91F0-9BF26BB85B97}.Debug|Any CPU.ActiveCfg = Debug|Any CPU
		{870CEE98-8248-4A69-91F0-9BF26BB85B97}.Debug|Any CPU.Build.0 = Debug|Any CPU
		{870CEE98-8248-4A69-91F0-9BF26BB85B97}.Release|Any CPU.ActiveCfg = Release|Any CPU
		{870CEE98-8248-4A69-91F0-9BF26BB85B97}.Release|Any CPU.Build.0 = Release|Any CPU
	EndGlobalSection
	GlobalSection(SolutionProperties) = preSolution
		HideSolutionNode = FALSE
	EndGlobalSection
EndGlobal
